{
  "name": "awsmc",
  "lockfileVersion": 2,
  "requires": true,
  "packages": {
    "": {
      "name": "awsmc",
      "devDependencies": {
        "@types/bun": "^1.0.12"
      },
      "peerDependencies": {
        "typescript": "^5.0.0"
      }
    },
    "node_modules/@types/bun": {
      "version": "1.0.12",
      "dev": true,
      "license": "MIT",
      "dependencies": {
        "bun-types": "1.0.36"
      }
    },
    "node_modules/@types/node": {
      "version": "20.11.30",
      "dev": true,
      "license": "MIT",
      "dependencies": {
        "undici-types": "~5.26.4"
      }
    },
    "node_modules/@types/ws": {
      "version": "8.5.10",
      "dev": true,
      "license": "MIT",
      "dependencies": {
        "@types/node": "*"
      }
    },
    "node_modules/bun-types": {
      "version": "1.0.36",
      "dev": true,
      "license": "MIT",
      "dependencies": {
        "@types/node": "~20.11.3",
        "@types/ws": "~8.5.10"
      }
    },
    "node_modules/typescript": {
      "version": "5.4.2",
      "license": "Apache-2.0",
      "peer": true,
      "bin": {
        "tsc": "bin/tsc",
        "tsserver": "bin/tsserver"
      },
      "engines": {
        "node": ">=14.17"
      }
    },
    "node_modules/undici-types": {
      "version": "5.26.5",
      "dev": true,
      "license": "MIT"
    }
  },
  "dependencies": {
    "@types/bun": {
      "version": "1.0.12",
      "dev": true,
      "requires": {
        "bun-types": "1.0.36"
      }
    },
    "@types/node": {
      "version": "20.11.30",
      "dev": true,
      "requires": {
        "undici-types": "~5.26.4"
      }
    },
    "@types/ws": {
      "version": "8.5.10",
      "dev": true,
      "requires": {
        "@types/node": "*"
      }
    },
    "bun-types": {
      "version": "1.0.36",
      "dev": true,
      "requires": {
        "@types/node": "~20.11.3",
        "@types/ws": "~8.5.10"
      }
    },
    "typescript": {
      "version": "5.4.2",
      "peer": true
    },
    "undici-types": {
      "version": "5.26.5",
      "dev": true
    }
  }
}
